# This file is autogenerated, do not edit; changes may be undone by the next 'dep ensure'.


[[projects]]
  branch = "master"
  digest = "1:78a5b63751bd99054bee07a498f6aa54da0a909922f9365d1aa3339091efa70a"
  name = "github.com/fsnotify/fsnotify"
  packages = ["."]
  pruneopts = "UT"
  revision = "1485a34d5d5723fea214f5710708e19a831720e4"

[[projects]]
  branch = "master"
  digest = "1:7ca1d54d9b2c54bcebf3c4bfa4b75df7ce8e18c0a00cb095da1c94bf776660a0"
  name = "github.com/gabriel-vasile/mimetype"
  packages = [
    ".",
    "matchers",
    "matchers/json",
  ]
  pruneopts = "UT"
  revision = "4f80a105fa59d6348b4d4cd2361d31163d44c207"

[[projects]]
  branch = "master"
  digest = "1:c9a4e761695039425d21448d3289ff280c3a98f0c8145fa7417d9889556006b7"
  name = "golang.org/x/sys"
  packages = ["unix"]
  pruneopts = "UT"
  revision = "9eb1bfa1ce65ae8a6ff3114b0aaf9a41a6cf3560"

[solve-meta]
  analyzer-name = "dep"
  analyzer-version = 1
  input-imports = [
    "github.com/fsnotify/fsnotify",
    "github.com/gabriel-vasile/mimetype",
  ]
  solver-name = "gps-cdcl"
  solver-version = 1
